
Microsoft Visual Studio Solution File, Format Version 12.00
# Visual Studio Version 17
VisualStudioVersion = 17.0.32126.317
MinimumVisualStudioVersion = 10.0.40219.1
Project("{9A19103F-16F7-4668-BE54-9A1E7A4F7556}") = "AppPatterns", "AppPatterns\AppPatterns.csproj", "{8AF8D7FB-87BF-4B74-B10F-69905EC9D2BE}"
EndProject
Project("{9A19103F-16F7-4668-BE54-9A1E7A4F7556}") = "AbstractFactoryPattern", "AbstractFactoryPattern\AbstractFactoryPattern.csproj", "{0B1A1B41-5018-4BBE-B785-E51D57EA3BF7}"
EndProject
Project("{9A19103F-16F7-4668-BE54-9A1E7A4F7556}") = "BuilderPattern", "BuilderPattern\BuilderPattern.csproj", "{20DD2786-1FCA-40BB-B2B1-440F1ED2E23B}"
EndProject
Project("{9A19103F-16F7-4668-BE54-9A1E7A4F7556}") = "FactoryMethodPattern", "FactoryMethodPattern\FactoryMethodPattern.csproj", "{29AA9797-C84E-490A-973E-5D1E17075D7A}"
EndProject
Project("{9A19103F-16F7-4668-BE54-9A1E7A4F7556}") = "Domain", "Domain\Domain.csproj", "{E46F2230-EBE3-48D9-8C9A-F766EDB8CCAF}"
EndProject
Project("{FAE04EC0-301F-11D3-BF4B-00C04F79EFBC}") = "PrototypePattern", "PrototypePattern\PrototypePattern.csproj", "{1DEF149E-179D-4FD3-BF7E-FFD6486C2438}"
EndProject
Global
	GlobalSection(SolutionConfigurationPlatforms) = preSolution
		Debug|Any CPU = Debug|Any CPU
		Release|Any CPU = Release|Any CPU
	EndGlobalSection
	GlobalSection(ProjectConfigurationPlatforms) = postSolution
		{8AF8D7FB-87BF-4B74-B10F-69905EC9D2BE}.Debug|Any CPU.ActiveCfg = Debug|Any CPU
		{8AF8D7FB-87BF-4B74-B10F-69905EC9D2BE}.Debug|Any CPU.Build.0 = Debug|Any CPU
		{8AF8D7FB-87BF-4B74-B10F-69905EC9D2BE}.Release|Any CPU.ActiveCfg = Release|Any CPU
		{8AF8D7FB-87BF-4B74-B10F-69905EC9D2BE}.Release|Any CPU.Build.0 = Release|Any CPU
		{0B1A1B41-5018-4BBE-B785-E51D57EA3BF7}.Debug|Any CPU.ActiveCfg = Debug|Any CPU
		{0B1A1B41-5018-4BBE-B785-E51D57EA3BF7}.Debug|Any CPU.Build.0 = Debug|Any CPU
		{0B1A1B41-5018-4BBE-B785-E51D57EA3BF7}.Release|Any CPU.ActiveCfg = Release|Any CPU
		{0B1A1B41-5018-4BBE-B785-E51D57EA3BF7}.Release|Any CPU.Build.0 = Release|Any CPU
		{20DD2786-1FCA-40BB-B2B1-440F1ED2E23B}.Debug|Any CPU.ActiveCfg = Debug|Any CPU
		{20DD2786-1FCA-40BB-B2B1-440F1ED2E23B}.Debug|Any CPU.Build.0 = Debug|Any CPU
		{20DD2786-1FCA-40BB-B2B1-440F1ED2E23B}.Release|Any CPU.ActiveCfg = Release|Any CPU
		{20DD2786-1FCA-40BB-B2B1-440F1ED2E23B}.Release|Any CPU.Build.0 = Release|Any CPU
		{29AA9797-C84E-490A-973E-5D1E17075D7A}.Debug|Any CPU.ActiveCfg = Debug|Any CPU
		{29AA9797-C84E-490A-973E-5D1E17075D7A}.Debug|Any CPU.Build.0 = Debug|Any CPU
		{29AA9797-C84E-490A-973E-5D1E17075D7A}.Release|Any CPU.ActiveCfg = Release|Any CPU
		{29AA9797-C84E-490A-973E-5D1E17075D7A}.Release|Any CPU.Build.0 = Release|Any CPU
		{E46F2230-EBE3-48D9-8C9A-F766EDB8CCAF}.Debug|Any CPU.ActiveCfg = Debug|Any CPU
		{E46F2230-EBE3-48D9-8C9A-F766EDB8CCAF}.Debug|Any CPU.Build.0 = Debug|Any CPU
		{E46F2230-EBE3-48D9-8C9A-F766EDB8CCAF}.Release|Any CPU.ActiveCfg = Release|Any CPU
		{E46F2230-EBE3-48D9-8C9A-F766EDB8CCAF}.Release|Any CPU.Build.0 = Release|Any CPU
		{1DEF149E-179D-4FD3-BF7E-FFD6486C2438}.Debug|Any CPU.ActiveCfg = Debug|Any CPU
		{1DEF149E-179D-4FD3-BF7E-FFD6486C2438}.Debug|Any CPU.Build.0 = Debug|Any CPU
		{1DEF149E-179D-4FD3-BF7E-FFD6486C2438}.Release|Any CPU.ActiveCfg = Release|Any CPU
		{1DEF149E-179D-4FD3-BF7E-FFD6486C2438}.Release|Any CPU.Build.0 = Release|Any CPU
	EndGlobalSection
	GlobalSection(SolutionProperties) = preSolution
		HideSolutionNode = FALSE
	EndGlobalSection
	GlobalSection(ExtensibilityGlobals) = postSolution
		SolutionGuid = {62C560C6-8670-4BFA-AA59-9E6342BD8ED4}
	EndGlobalSection
EndGlobal
