
Microsoft Visual Studio Solution File, Format Version 12.00
# Visual Studio Version 17
VisualStudioVersion = 17.0.32126.317
MinimumVisualStudioVersion = 10.0.40219.1
Project("{9A19103F-16F7-4668-BE54-9A1E7A4F7556}") = "AppPatterns", "AppPatterns\AppPatterns.csproj", "{8AF8D7FB-87BF-4B74-B10F-69905EC9D2BE}"
EndProject
Project("{9A19103F-16F7-4668-BE54-9A1E7A4F7556}") = "Pattern.AbstractFactory", "CreationalDesignPattern\AbstractFactoryPattern\Pattern.AbstractFactory.csproj", "{0B1A1B41-5018-4BBE-B785-E51D57EA3BF7}"
EndProject
Project("{9A19103F-16F7-4668-BE54-9A1E7A4F7556}") = "Pattern.Builder", "CreationalDesignPattern\BuilderPattern\Pattern.Builder.csproj", "{20DD2786-1FCA-40BB-B2B1-440F1ED2E23B}"
EndProject
Project("{9A19103F-16F7-4668-BE54-9A1E7A4F7556}") = "Pattern.FactoryMethod", "CreationalDesignPattern\FactoryMethodPattern\Pattern.FactoryMethod.csproj", "{29AA9797-C84E-490A-973E-5D1E17075D7A}"
EndProject
Project("{9A19103F-16F7-4668-BE54-9A1E7A4F7556}") = "Pattern.Prototype", "CreationalDesignPattern\PrototypePattern\Pattern.Prototype.csproj", "{1DEF149E-179D-4FD3-BF7E-FFD6486C2438}"
EndProject
Project("{9A19103F-16F7-4668-BE54-9A1E7A4F7556}") = "Pattern.Singleton", "CreationalDesignPattern\SingletonPattern\Pattern.Singleton.csproj", "{6E8EF211-6D7B-4F4B-8F1A-0D8C63B4A4E0}"
EndProject
Project("{2150E333-8FDC-42A3-9474-1A3956D46DE8}") = "CreationalDesignPattern", "CreationalDesignPattern", "{7A580A4B-C074-415E-BB25-54ECEB0B90BC}"
EndProject
Project("{2150E333-8FDC-42A3-9474-1A3956D46DE8}") = "StructuralDesignPattern", "StructuralDesignPattern", "{4CB0A025-DD12-4802-B277-8AC7F4B5651A}"
EndProject
Project("{9A19103F-16F7-4668-BE54-9A1E7A4F7556}") = "Pattern.Adapter", "StructuralDesignPattern\AdaptarPattern\Pattern.Adapter.csproj", "{8C6AD5CB-6406-4949-AE54-94654D095F69}"
EndProject
Project("{2150E333-8FDC-42A3-9474-1A3956D46DE8}") = "Inteface", "Inteface", "{82B3B69B-09A6-495D-9F6F-7CAAA110A6B5}"
EndProject
Project("{9A19103F-16F7-4668-BE54-9A1E7A4F7556}") = "Domain", "Interface\Domain\Domain.csproj", "{37245E03-69AD-431B-884C-CF402DE05899}"
EndProject
Project("{9A19103F-16F7-4668-BE54-9A1E7A4F7556}") = "Pattern.Bridge", "StructuralDesignPattern\BridgePattern\Pattern.Bridge.csproj", "{6B903431-A39D-40AD-852D-49723E8F49A4}"
EndProject
Project("{9A19103F-16F7-4668-BE54-9A1E7A4F7556}") = "Pattern.Composite", "StructuralDesignPattern\Pattern.Composite\Pattern.Composite.csproj", "{FE3C4A6F-2F33-4AC8-A311-952F71E333DA}"
EndProject
Project("{FAE04EC0-301F-11D3-BF4B-00C04F79EFBC}") = "Pattern.Decorator", "StructuralDesignPattern\Pattern.Decorator\Pattern.Decorator.csproj", "{9CF12CDC-A6D7-4E5C-8F73-C6C637E2367E}"
EndProject
Global
	GlobalSection(SolutionConfigurationPlatforms) = preSolution
		Debug|Any CPU = Debug|Any CPU
		Release|Any CPU = Release|Any CPU
	EndGlobalSection
	GlobalSection(ProjectConfigurationPlatforms) = postSolution
		{8AF8D7FB-87BF-4B74-B10F-69905EC9D2BE}.Debug|Any CPU.ActiveCfg = Debug|Any CPU
		{8AF8D7FB-87BF-4B74-B10F-69905EC9D2BE}.Debug|Any CPU.Build.0 = Debug|Any CPU
		{8AF8D7FB-87BF-4B74-B10F-69905EC9D2BE}.Release|Any CPU.ActiveCfg = Release|Any CPU
		{8AF8D7FB-87BF-4B74-B10F-69905EC9D2BE}.Release|Any CPU.Build.0 = Release|Any CPU
		{0B1A1B41-5018-4BBE-B785-E51D57EA3BF7}.Debug|Any CPU.ActiveCfg = Debug|Any CPU
		{0B1A1B41-5018-4BBE-B785-E51D57EA3BF7}.Debug|Any CPU.Build.0 = Debug|Any CPU
		{0B1A1B41-5018-4BBE-B785-E51D57EA3BF7}.Release|Any CPU.ActiveCfg = Release|Any CPU
		{0B1A1B41-5018-4BBE-B785-E51D57EA3BF7}.Release|Any CPU.Build.0 = Release|Any CPU
		{20DD2786-1FCA-40BB-B2B1-440F1ED2E23B}.Debug|Any CPU.ActiveCfg = Debug|Any CPU
		{20DD2786-1FCA-40BB-B2B1-440F1ED2E23B}.Debug|Any CPU.Build.0 = Debug|Any CPU
		{20DD2786-1FCA-40BB-B2B1-440F1ED2E23B}.Release|Any CPU.ActiveCfg = Release|Any CPU
		{20DD2786-1FCA-40BB-B2B1-440F1ED2E23B}.Release|Any CPU.Build.0 = Release|Any CPU
		{29AA9797-C84E-490A-973E-5D1E17075D7A}.Debug|Any CPU.ActiveCfg = Debug|Any CPU
		{29AA9797-C84E-490A-973E-5D1E17075D7A}.Debug|Any CPU.Build.0 = Debug|Any CPU
		{29AA9797-C84E-490A-973E-5D1E17075D7A}.Release|Any CPU.ActiveCfg = Release|Any CPU
		{29AA9797-C84E-490A-973E-5D1E17075D7A}.Release|Any CPU.Build.0 = Release|Any CPU
		{1DEF149E-179D-4FD3-BF7E-FFD6486C2438}.Debug|Any CPU.ActiveCfg = Debug|Any CPU
		{1DEF149E-179D-4FD3-BF7E-FFD6486C2438}.Debug|Any CPU.Build.0 = Debug|Any CPU
		{1DEF149E-179D-4FD3-BF7E-FFD6486C2438}.Release|Any CPU.ActiveCfg = Release|Any CPU
		{1DEF149E-179D-4FD3-BF7E-FFD6486C2438}.Release|Any CPU.Build.0 = Release|Any CPU
		{6E8EF211-6D7B-4F4B-8F1A-0D8C63B4A4E0}.Debug|Any CPU.ActiveCfg = Debug|Any CPU
		{6E8EF211-6D7B-4F4B-8F1A-0D8C63B4A4E0}.Debug|Any CPU.Build.0 = Debug|Any CPU
		{6E8EF211-6D7B-4F4B-8F1A-0D8C63B4A4E0}.Release|Any CPU.ActiveCfg = Release|Any CPU
		{6E8EF211-6D7B-4F4B-8F1A-0D8C63B4A4E0}.Release|Any CPU.Build.0 = Release|Any CPU
		{8C6AD5CB-6406-4949-AE54-94654D095F69}.Debug|Any CPU.ActiveCfg = Debug|Any CPU
		{8C6AD5CB-6406-4949-AE54-94654D095F69}.Debug|Any CPU.Build.0 = Debug|Any CPU
		{8C6AD5CB-6406-4949-AE54-94654D095F69}.Release|Any CPU.ActiveCfg = Release|Any CPU
		{8C6AD5CB-6406-4949-AE54-94654D095F69}.Release|Any CPU.Build.0 = Release|Any CPU
		{37245E03-69AD-431B-884C-CF402DE05899}.Debug|Any CPU.ActiveCfg = Debug|Any CPU
		{37245E03-69AD-431B-884C-CF402DE05899}.Debug|Any CPU.Build.0 = Debug|Any CPU
		{37245E03-69AD-431B-884C-CF402DE05899}.Release|Any CPU.ActiveCfg = Release|Any CPU
		{37245E03-69AD-431B-884C-CF402DE05899}.Release|Any CPU.Build.0 = Release|Any CPU
		{6B903431-A39D-40AD-852D-49723E8F49A4}.Debug|Any CPU.ActiveCfg = Debug|Any CPU
		{6B903431-A39D-40AD-852D-49723E8F49A4}.Debug|Any CPU.Build.0 = Debug|Any CPU
		{6B903431-A39D-40AD-852D-49723E8F49A4}.Release|Any CPU.ActiveCfg = Release|Any CPU
		{6B903431-A39D-40AD-852D-49723E8F49A4}.Release|Any CPU.Build.0 = Release|Any CPU
		{FE3C4A6F-2F33-4AC8-A311-952F71E333DA}.Debug|Any CPU.ActiveCfg = Debug|Any CPU
		{FE3C4A6F-2F33-4AC8-A311-952F71E333DA}.Debug|Any CPU.Build.0 = Debug|Any CPU
		{FE3C4A6F-2F33-4AC8-A311-952F71E333DA}.Release|Any CPU.ActiveCfg = Release|Any CPU
		{FE3C4A6F-2F33-4AC8-A311-952F71E333DA}.Release|Any CPU.Build.0 = Release|Any CPU
		{9CF12CDC-A6D7-4E5C-8F73-C6C637E2367E}.Debug|Any CPU.ActiveCfg = Debug|Any CPU
		{9CF12CDC-A6D7-4E5C-8F73-C6C637E2367E}.Debug|Any CPU.Build.0 = Debug|Any CPU
		{9CF12CDC-A6D7-4E5C-8F73-C6C637E2367E}.Release|Any CPU.ActiveCfg = Release|Any CPU
		{9CF12CDC-A6D7-4E5C-8F73-C6C637E2367E}.Release|Any CPU.Build.0 = Release|Any CPU
	EndGlobalSection
	GlobalSection(SolutionProperties) = preSolution
		HideSolutionNode = FALSE
	EndGlobalSection
	GlobalSection(NestedProjects) = preSolution
		{0B1A1B41-5018-4BBE-B785-E51D57EA3BF7} = {7A580A4B-C074-415E-BB25-54ECEB0B90BC}
		{20DD2786-1FCA-40BB-B2B1-440F1ED2E23B} = {7A580A4B-C074-415E-BB25-54ECEB0B90BC}
		{29AA9797-C84E-490A-973E-5D1E17075D7A} = {7A580A4B-C074-415E-BB25-54ECEB0B90BC}
		{1DEF149E-179D-4FD3-BF7E-FFD6486C2438} = {7A580A4B-C074-415E-BB25-54ECEB0B90BC}
		{6E8EF211-6D7B-4F4B-8F1A-0D8C63B4A4E0} = {7A580A4B-C074-415E-BB25-54ECEB0B90BC}
		{8C6AD5CB-6406-4949-AE54-94654D095F69} = {4CB0A025-DD12-4802-B277-8AC7F4B5651A}
		{37245E03-69AD-431B-884C-CF402DE05899} = {82B3B69B-09A6-495D-9F6F-7CAAA110A6B5}
		{6B903431-A39D-40AD-852D-49723E8F49A4} = {4CB0A025-DD12-4802-B277-8AC7F4B5651A}
		{FE3C4A6F-2F33-4AC8-A311-952F71E333DA} = {4CB0A025-DD12-4802-B277-8AC7F4B5651A}
		{9CF12CDC-A6D7-4E5C-8F73-C6C637E2367E} = {4CB0A025-DD12-4802-B277-8AC7F4B5651A}
	EndGlobalSection
	GlobalSection(ExtensibilityGlobals) = postSolution
		SolutionGuid = {62C560C6-8670-4BFA-AA59-9E6342BD8ED4}
	EndGlobalSection
EndGlobal
